
Microsoft Visual Studio Solution File, Format Version 12.00
# Visual Studio Version 17
VisualStudioVersion = 17.9.34728.123
MinimumVisualStudioVersion = 10.0.40219.1
Project("{FAE04EC0-301F-11D3-BF4B-00C04F79EFBC}") = "class-09", "class-09.csproj", "{6269485D-7C85-4282-AC8D-E6C81B559568}"
EndProject
Global
	GlobalSection(SolutionConfigurationPlatforms) = preSolution
		Debug|Any CPU = Debug|Any CPU
		Release|Any CPU = Release|Any CPU
	EndGlobalSection
	GlobalSection(ProjectConfigurationPlatforms) = postSolution
		{6269485D-7C85-4282-AC8D-E6C81B559568}.Debug|Any CPU.ActiveCfg = Debug|Any CPU
		{6269485D-7C85-4282-AC8D-E6C81B559568}.Debug|Any CPU.Build.0 = Debug|Any CPU
		{6269485D-7C85-4282-AC8D-E6C81B559568}.Release|Any CPU.ActiveCfg = Release|Any CPU
		{6269485D-7C85-4282-AC8D-E6C81B559568}.Release|Any CPU.Build.0 = Release|Any CPU
	EndGlobalSection
	GlobalSection(SolutionProperties) = preSolution
		HideSolutionNode = FALSE
	EndGlobalSection
	GlobalSection(ExtensibilityGlobals) = postSolution
		SolutionGuid = {BB2FFE33-6D9F-4717-84FA-9A05A950AB3A}
	EndGlobalSection
EndGlobal
