
Microsoft Visual Studio Solution File, Format Version 12.00
# Visual Studio Version 17
VisualStudioVersion = 17.9.34728.123
MinimumVisualStudioVersion = 10.0.40219.1
Project("{FAE04EC0-301F-11D3-BF4B-00C04F79EFBC}") = "class-04", "class-04\class-04.csproj", "{18C91F46-4CA0-48AA-B1EE-26A8E61259DD}"
EndProject
Global
	GlobalSection(SolutionConfigurationPlatforms) = preSolution
		Debug|Any CPU = Debug|Any CPU
		Release|Any CPU = Release|Any CPU
	EndGlobalSection
	GlobalSection(ProjectConfigurationPlatforms) = postSolution
		{18C91F46-4CA0-48AA-B1EE-26A8E61259DD}.Debug|Any CPU.ActiveCfg = Debug|Any CPU
		{18C91F46-4CA0-48AA-B1EE-26A8E61259DD}.Debug|Any CPU.Build.0 = Debug|Any CPU
		{18C91F46-4CA0-48AA-B1EE-26A8E61259DD}.Release|Any CPU.ActiveCfg = Release|Any CPU
		{18C91F46-4CA0-48AA-B1EE-26A8E61259DD}.Release|Any CPU.Build.0 = Release|Any CPU
	EndGlobalSection
	GlobalSection(SolutionProperties) = preSolution
		HideSolutionNode = FALSE
	EndGlobalSection
	GlobalSection(ExtensibilityGlobals) = postSolution
		SolutionGuid = {52210AC8-C11D-473E-AB0C-02CB9F956EDE}
	EndGlobalSection
EndGlobal
