
Microsoft Visual Studio Solution File, Format Version 12.00
# Visual Studio Version 17
VisualStudioVersion = 17.14.36212.18 d17.14
MinimumVisualStudioVersion = 10.0.40219.1
Project("{FAE04EC0-301F-11D3-BF4B-00C04F79EFBC}") = "Electricity Bill", "Electricity Bill\Electricity Bill.csproj", "{6788D25F-8DC7-4CEB-A47E-79FEBAED5E64}"
EndProject
Global
	GlobalSection(SolutionConfigurationPlatforms) = preSolution
		Debug|Any CPU = Debug|Any CPU
		Release|Any CPU = Release|Any CPU
	EndGlobalSection
	GlobalSection(ProjectConfigurationPlatforms) = postSolution
		{6788D25F-8DC7-4CEB-A47E-79FEBAED5E64}.Debug|Any CPU.ActiveCfg = Debug|Any CPU
		{6788D25F-8DC7-4CEB-A47E-79FEBAED5E64}.Debug|Any CPU.Build.0 = Debug|Any CPU
		{6788D25F-8DC7-4CEB-A47E-79FEBAED5E64}.Release|Any CPU.ActiveCfg = Release|Any CPU
		{6788D25F-8DC7-4CEB-A47E-79FEBAED5E64}.Release|Any CPU.Build.0 = Release|Any CPU
	EndGlobalSection
	GlobalSection(SolutionProperties) = preSolution
		HideSolutionNode = FALSE
	EndGlobalSection
	GlobalSection(ExtensibilityGlobals) = postSolution
		SolutionGuid = {3E6760B0-C61E-4277-9899-47F3C1E94F47}
	EndGlobalSection
EndGlobal
